<?xml version="1.0" encoding="utf-8"?>
<Project ToolsVersion="4.0" xmlns="http://schemas.microsoft.com/developer/msbuild/2003">
  <ItemGroup>
    <Filter Include="소스 파일">
      <UniqueIdentifier>{4FC737F1-C7A5-4376-A066-2A32D752A2FF}</UniqueIdentifier>
      <Extensions>cpp;c;cc;cxx;c++;cppm;ixx;def;odl;idl;hpj;bat;asm;asmx</Extensions>
    </Filter>
    <Filter Include="헤더 파일">
      <UniqueIdentifier>{93995380-89BD-4b04-88EB-625FBE52EBFB}</UniqueIdentifier>
      <Extensions>h;hh;hpp;hxx;h++;hm;inl;inc;ipp;xsd</Extensions>
    </Filter>
    <Filter Include="리소스 파일">
      <UniqueIdentifier>{67DA6AB6-F800-4c08-8B7A-83BB121AAD01}</UniqueIdentifier>
      <Extensions>rc;ico;cur;bmp;dlg;rc2;rct;bin;rgs;gif;jpg;jpeg;jpe;resx;tiff;tif;png;wav;mfcribbon-ms</Extensions>
    </Filter>
  </ItemGroup>
  <ItemGroup>
    <ClCompile Include="Bullet.cpp">
      <Filter>소스 파일</Filter>
    </ClCompile>
    <ClCompile Include="Enemy.cpp">
      <Filter>소스 파일</Filter>
    </ClCompile>
    <ClCompile Include="Framework.cpp">
      <Filter>소스 파일</Filter>
    </ClCompile>
    <ClCompile Include="Item.cpp">
      <Filter>소스 파일</Filter>
    </ClCompile>
    <ClCompile Include="Lobby_Scene.cpp">
      <Filter>소스 파일</Filter>
    </ClCompile>
    <ClCompile Include="main.cpp">
      <Filter>소스 파일</Filter>
    </ClCompile>
    <ClCompile Include="Play_Scene.cpp">
      <Filter>소스 파일</Filter>
    </ClCompile>
    <ClCompile Include="Player.cpp">
      <Filter>소스 파일</Filter>
    </ClCompile>
    <ClCompile Include="ResourceManager.cpp">
      <Filter>소스 파일</Filter>
    </ClCompile>
    <ClCompile Include="Room_Scene.cpp">
      <Filter>소스 파일</Filter>
    </ClCompile>
    <ClCompile Include="Scene.cpp">
      <Filter>소스 파일</Filter>
    </ClCompile>
    <ClCompile Include="test_scene.cpp">
      <Filter>소스 파일</Filter>
    </ClCompile>
    <ClCompile Include="Title_Scene.cpp">
      <Filter>소스 파일</Filter>
    </ClCompile>
  </ItemGroup>
  <ItemGroup>
    <ClInclude Include="Bullet.h">
      <Filter>헤더 파일</Filter>
    </ClInclude>
    <ClInclude Include="Common.h">
      <Filter>헤더 파일</Filter>
    </ClInclude>
    <ClInclude Include="Enemy.h">
      <Filter>헤더 파일</Filter>
    </ClInclude>
    <ClInclude Include="Framework.h">
      <Filter>헤더 파일</Filter>
    </ClInclude>
    <ClInclude Include="Item.h">
      <Filter>헤더 파일</Filter>
    </ClInclude>
    <ClInclude Include="Lobby_Scene.h">
      <Filter>헤더 파일</Filter>
    </ClInclude>
    <ClInclude Include="Play_Scene.h">
      <Filter>헤더 파일</Filter>
    </ClInclude>
    <ClInclude Include="Player.h">
      <Filter>헤더 파일</Filter>
    </ClInclude>
    <ClInclude Include="ResourceManager.h">
      <Filter>헤더 파일</Filter>
    </ClInclude>
    <ClInclude Include="Room_Scene.h">
      <Filter>헤더 파일</Filter>
    </ClInclude>
    <ClInclude Include="Scene.h">
      <Filter>헤더 파일</Filter>
    </ClInclude>
    <ClInclude Include="stdafx.h">
      <Filter>헤더 파일</Filter>
    </ClInclude>
    <ClInclude Include="test_scene.h">
      <Filter>헤더 파일</Filter>
    </ClInclude>
    <ClInclude Include="Title_Scene.h">
      <Filter>헤더 파일</Filter>
    </ClInclude>
    <ClInclude Include="resource.h">
      <Filter>헤더 파일</Filter>
    </ClInclude>
    <ClInclude Include="protocol.h">
      <Filter>헤더 파일</Filter>
    </ClInclude>
  </ItemGroup>
  <ItemGroup>
    <ResourceCompile Include="Resource.rc">
      <Filter>리소스 파일</Filter>
    </ResourceCompile>
  </ItemGroup>
  <ItemGroup>
    <Image Include="resource_file\basic_bullets.bmp">
      <Filter>리소스 파일</Filter>
    </Image>
    <Image Include="resource_file\big.bmp">
      <Filter>리소스 파일</Filter>
    </Image>
    <Image Include="resource_file\Blue_fly_left.bmp">
      <Filter>리소스 파일</Filter>
    </Image>
    <Image Include="resource_file\Blue_heart.bmp">
      <Filter>리소스 파일</Filter>
    </Image>
    <Image Include="resource_file\Blue_round.bmp">
      <Filter>리소스 파일</Filter>
    </Image>
    <Image Include="resource_file\cartoon_background.bmp">
      <Filter>리소스 파일</Filter>
    </Image>
    <Image Include="resource_file\cartoon1.bmp">
      <Filter>리소스 파일</Filter>
    </Image>
    <Image Include="resource_file\cartoon2.bmp">
      <Filter>리소스 파일</Filter>
    </Image>
    <Image Include="resource_file\cartoon3.bmp">
      <Filter>리소스 파일</Filter>
    </Image>
    <Image Include="resource_file\cartoon4.bmp">
      <Filter>리소스 파일</Filter>
    </Image>
    <Image Include="resource_file\cartoon5.bmp">
      <Filter>리소스 파일</Filter>
    </Image>
    <Image Include="resource_file\cartoon6.bmp">
      <Filter>리소스 파일</Filter>
    </Image>
    <Image Include="resource_file\click_cursor.bmp">
      <Filter>리소스 파일</Filter>
    </Image>
    <Image Include="resource_file\coin.bmp">
      <Filter>리소스 파일</Filter>
    </Image>
    <Image Include="resource_file\cursor.bmp">
      <Filter>리소스 파일</Filter>
    </Image>
    <Image Include="resource_file\effects.bmp">
      <Filter>리소스 파일</Filter>
    </Image>
    <Image Include="resource_file\GAMEOVER.bmp">
      <Filter>리소스 파일</Filter>
    </Image>
    <Image Include="resource_file\gameplay_background.bmp">
      <Filter>리소스 파일</Filter>
    </Image>
    <Image Include="resource_file\gameplay_background2.bmp">
      <Filter>리소스 파일</Filter>
    </Image>
    <Image Include="resource_file\gameplay_background2.png">
      <Filter>리소스 파일</Filter>
    </Image>
    <Image Include="resource_file\heart.bmp">
      <Filter>리소스 파일</Filter>
    </Image>
    <Image Include="resource_file\HP_bar1.bmp">
      <Filter>리소스 파일</Filter>
    </Image>
    <Image Include="resource_file\HP_bar2.bmp">
      <Filter>리소스 파일</Filter>
    </Image>
    <Image Include="resource_file\HP_bar3.bmp">
      <Filter>리소스 파일</Filter>
    </Image>
    <Image Include="resource_file\HP_empty.bmp">
      <Filter>리소스 파일</Filter>
    </Image>
    <Image Include="resource_file\item_check.bmp">
      <Filter>리소스 파일</Filter>
    </Image>
    <Image Include="resource_file\item1.bmp">
      <Filter>리소스 파일</Filter>
    </Image>
    <Image Include="resource_file\item2.bmp">
      <Filter>리소스 파일</Filter>
    </Image>
    <Image Include="resource_file\item3.bmp">
      <Filter>리소스 파일</Filter>
    </Image>
    <Image Include="resource_file\item4.bmp">
      <Filter>리소스 파일</Filter>
    </Image>
    <Image Include="resource_file\Kirby_die.bmp">
      <Filter>리소스 파일</Filter>
    </Image>
    <Image Include="resource_file\Kirby_effects.bmp">
      <Filter>리소스 파일</Filter>
    </Image>
    <Image Include="resource_file\Kirby_fly_left.bmp">
      <Filter>리소스 파일</Filter>
    </Image>
    <Image Include="resource_file\Kirby_fly_right.bmp">
      <Filter>리소스 파일</Filter>
    </Image>
    <Image Include="resource_file\Kirby_heart.bmp">
      <Filter>리소스 파일</Filter>
    </Image>
    <Image Include="resource_file\Kirby_hurt_left.bmp">
      <Filter>리소스 파일</Filter>
    </Image>
    <Image Include="resource_file\Kirby_hurt_right.bmp">
      <Filter>리소스 파일</Filter>
    </Image>
    <Image Include="resource_file\Kirby_round.bmp">
      <Filter>리소스 파일</Filter>
    </Image>
    <Image Include="resource_file\Kirby_walk_left.bmp">
      <Filter>리소스 파일</Filter>
    </Image>
    <Image Include="resource_file\Kirby_walk_right.bmp">
      <Filter>리소스 파일</Filter>
    </Image>
    <Image Include="resource_file\Kirby_walk_up.bmp">
      <Filter>리소스 파일</Filter>
    </Image>
    <Image Include="resource_file\magnet.bmp">
      <Filter>리소스 파일</Filter>
    </Image>
    <Image Include="resource_file\main_screen.bmp">
      <Filter>리소스 파일</Filter>
    </Image>
    <Image Include="resource_file\mid_1.bmp">
      <Filter>리소스 파일</Filter>
    </Image>
    <Image Include="resource_file\mid_2.bmp">
      <Filter>리소스 파일</Filter>
    </Image>
    <Image Include="resource_file\mid_3.bmp">
      <Filter>리소스 파일</Filter>
    </Image>
    <Image Include="resource_file\missile.bmp">
      <Filter>리소스 파일</Filter>
    </Image>
    <Image Include="resource_file\missile_explode.bmp">
      <Filter>리소스 파일</Filter>
    </Image>
    <Image Include="resource_file\Monster_2.bmp">
      <Filter>리소스 파일</Filter>
    </Image>
    <Image Include="resource_file\monster_bullets.bmp">
      <Filter>리소스 파일</Filter>
    </Image>
    <Image Include="resource_file\monster_cry.bmp">
      <Filter>리소스 파일</Filter>
    </Image>
    <Image Include="resource_file\Monster_die.bmp">
      <Filter>리소스 파일</Filter>
    </Image>
    <Image Include="resource_file\monster1.bmp">
      <Filter>리소스 파일</Filter>
    </Image>
    <Image Include="resource_file\Monster1_bullet.bmp">
      <Filter>리소스 파일</Filter>
    </Image>
    <Image Include="resource_file\Monster1_minimonster.bmp">
      <Filter>리소스 파일</Filter>
    </Image>
    <Image Include="resource_file\Monster2_bullet.bmp">
      <Filter>리소스 파일</Filter>
    </Image>
    <Image Include="resource_file\Monster2_minimonster.bmp">
      <Filter>리소스 파일</Filter>
    </Image>
    <Image Include="resource_file\number.bmp">
      <Filter>리소스 파일</Filter>
    </Image>
    <Image Include="resource_file\over_number.bmp">
      <Filter>리소스 파일</Filter>
    </Image>
    <Image Include="resource_file\rezero_bg.bmp">
      <Filter>리소스 파일</Filter>
    </Image>
    <Image Include="resource_file\skill_bullet.bmp">
      <Filter>리소스 파일</Filter>
    </Image>
    <Image Include="resource_file\skill_color.bmp">
      <Filter>리소스 파일</Filter>
    </Image>
    <Image Include="resource_file\skill_dark.bmp">
      <Filter>리소스 파일</Filter>
    </Image>
    <Image Include="resource_file\small.bmp">
      <Filter>리소스 파일</Filter>
    </Image>
    <Image Include="resource_file\spinkle.bmp">
      <Filter>리소스 파일</Filter>
    </Image>
    <Image Include="resource_file\starr.bmp">
      <Filter>리소스 파일</Filter>
    </Image>
    <Image Include="resource_file\start_button.bmp">
      <Filter>리소스 파일</Filter>
    </Image>
    <Image Include="resource_file\start_screen.bmp">
      <Filter>리소스 파일</Filter>
    </Image>
    <Image Include="resource_file\title.bmp">
      <Filter>리소스 파일</Filter>
    </Image>
    <Image Include="resource_file\warning.bmp">
      <Filter>리소스 파일</Filter>
    </Image>
  </ItemGroup>
</Project>